// !$*UTF8*$!
{
	archiveVersion = 1;
	classes = {};
	objectVersion = 77;
	objects = {
		A001 /* StudiApp.swift in Sources */ = {isa = PBXBuildFile; fileRef = A002 /* StudiApp.swift */; };
		A016 /* Assets.xcassets in Resources */ = {isa = PBXBuildFile; fileRef = A017 /* Assets.xcassets */; };
		A002 /* StudiApp.swift */ = {isa = PBXFileReference; lastKnownFileType = sourcecode.swift; path = StudiApp.swift; sourceTree = "<group>"; };
		A017 /* Assets.xcassets */ = {isa = PBXFileReference; lastKnownFileType = folder.assetcatalog; path = Assets.xcassets; sourceTree = "<group>"; };
		A003 /* Studi */ = {isa = PBXGroup; children = (A002 /* StudiApp.swift */, A017 /* Assets.xcassets */, ); path = Studi; sourceTree = "<group>"; };
		A004 /* Products */ = {isa = PBXGroup; children = (A005 /* Studi.app */, ); name = Products; sourceTree = "<group>"; };
		A006 /* Main Group */ = {isa = PBXGroup; children = (A003 /* Studi */, A004 /* Products */, ); sourceTree = "<group>"; };
		A005 /* Studi.app */ = {isa = PBXFileReference; explicitFileType = wrapper.application; includeInIndex = 0; path = Studi.app; sourceTree = BUILT_PRODUCTS_DIR; };
		A007 /* Sources */ = {isa = PBXSourcesBuildPhase; buildActionMask = 2147483647; files = (A001 /* StudiApp.swift in Sources */, ); runOnlyForDeploymentPostprocessing = 0; };
		A018 /* Resources */ = {isa = PBXResourcesBuildPhase; buildActionMask = 2147483647; files = (A016 /* Assets.xcassets in Resources */, ); runOnlyForDeploymentPostprocessing = 0; };
		A008 /* Studi */ = {isa = PBXNativeTarget; buildConfigurationList = A009 /* Build configuration list for PBXNativeTarget "Studi" */; buildPhases = (A007 /* Sources */, A018 /* Resources */, ); buildRules = (); dependencies = (); name = Studi; productName = Studi; productReference = A005 /* Studi.app */; productType = "com.apple.product-type.application"; };
		A010 /* Project */ = {isa = PBXProject; attributes = { LastSwiftUpdateCheck = 2700; LastUpgradeCheck = 2700; TargetAttributes = { A008 = { CreatedOnToolsVersion = 27.0; }; }; }; buildConfigurationList = A011 /* Build configuration list for PBXProject "Studi" */; compatibilityVersion = "Xcode 14.0"; developmentRegion = en; hasScannedForEncodings = 0; mainGroup = A006 /* Main Group */; productRefGroup = A004 /* Products */; projectDirPath = ""; projectRoot = ""; targets = (A008 /* Studi */, ); };
		A012 /* Debug */ = {isa = XCBuildConfiguration; buildSettings = { CLANG_ENABLE_MODULES = YES; IPHONEOS_DEPLOYMENT_TARGET = 17.0; SWIFT_VERSION = 5.0; }; name = Debug; };
		A013 /* Release */ = {isa = XCBuildConfiguration; buildSettings = { CLANG_ENABLE_MODULES = YES; IPHONEOS_DEPLOYMENT_TARGET = 17.0; SWIFT_VERSION = 5.0; }; name = Release; };
		A011 /* Build configuration list for PBXProject "Studi" */ = {isa = XCConfigurationList; buildConfigurations = (A012 /* Debug */, A013 /* Release */, ); defaultConfigurationIsVisible = 0; defaultConfigurationName = Release; };
		A014 /* Debug */ = {isa = XCBuildConfiguration; buildSettings = { ASSETCATALOG_COMPILER_APPICON_NAME = AppIcon; CODE_SIGN_STYLE = Automatic; CURRENT_PROJECT_VERSION = 1; GENERATE_INFOPLIST_FILE = YES; INFOPLIST_KEY_CFBundleDisplayName = Studi; INFOPLIST_KEY_NSLocationUsageDescription = "Studi uses your location to show nearby study spots and order them by distance."; INFOPLIST_KEY_NSLocationWhenInUseUsageDescription = "Studi uses your location to show nearby study spots and order them by distance."; IPHONEOS_DEPLOYMENT_TARGET = 17.0; MARKETING_VERSION = 1.0; PRODUCT_BUNDLE_IDENTIFIER = com.studi.demo; PRODUCT_NAME = "$(TARGET_NAME)"; SDKROOT = iphoneos; SUPPORTED_PLATFORMS = "iphoneos iphonesimulator"; SUPPORTS_MACCATALYST = NO; SWIFT_VERSION = 5.0; TARGETED_DEVICE_FAMILY = 1; }; name = Debug; };
		A015 /* Release */ = {isa = XCBuildConfiguration; buildSettings = { ASSETCATALOG_COMPILER_APPICON_NAME = AppIcon; CODE_SIGN_STYLE = Automatic; CURRENT_PROJECT_VERSION = 1; GENERATE_INFOPLIST_FILE = YES; INFOPLIST_KEY_CFBundleDisplayName = Studi; INFOPLIST_KEY_NSLocationUsageDescription = "Studi uses your location to show nearby study spots and order them by distance."; INFOPLIST_KEY_NSLocationWhenInUseUsageDescription = "Studi uses your location to show nearby study spots and order them by distance."; IPHONEOS_DEPLOYMENT_TARGET = 17.0; MARKETING_VERSION = 1.0; PRODUCT_BUNDLE_IDENTIFIER = com.studi.demo; PRODUCT_NAME = "$(TARGET_NAME)"; SDKROOT = iphoneos; SUPPORTED_PLATFORMS = "iphoneos iphonesimulator"; SUPPORTS_MACCATALYST = NO; SWIFT_VERSION = 5.0; TARGETED_DEVICE_FAMILY = 1; }; name = Release; };
		A009 /* Build configuration list for PBXNativeTarget "Studi" */ = {isa = XCConfigurationList; buildConfigurations = (A014 /* Debug */, A015 /* Release */, ); defaultConfigurationIsVisible = 0; defaultConfigurationName = Release; };
	};
	rootObject = A010 /* Project */;
}
